
Microsoft Visual Studio Solution File, Format Version 12.00
# Visual Studio Version 17
VisualStudioVersion = 17.8.34330.188
MinimumVisualStudioVersion = 10.0.40219.1
Project("{FAE04EC0-301F-11D3-BF4B-00C04F79EFBC}") = "Archivo_prueba", "Archivo_prueba\Archivo_prueba.csproj", "{14D03331-65B8-40D9-9DF6-38069F3EC282}"
EndProject
Global
	GlobalSection(SolutionConfigurationPlatforms) = preSolution
		Debug|Any CPU = Debug|Any CPU
		Release|Any CPU = Release|Any CPU
	EndGlobalSection
	GlobalSection(ProjectConfigurationPlatforms) = postSolution
		{14D03331-65B8-40D9-9DF6-38069F3EC282}.Debug|Any CPU.ActiveCfg = Debug|Any CPU
		{14D03331-65B8-40D9-9DF6-38069F3EC282}.Debug|Any CPU.Build.0 = Debug|Any CPU
		{14D03331-65B8-40D9-9DF6-38069F3EC282}.Release|Any CPU.ActiveCfg = Release|Any CPU
		{14D03331-65B8-40D9-9DF6-38069F3EC282}.Release|Any CPU.Build.0 = Release|Any CPU
	EndGlobalSection
	GlobalSection(SolutionProperties) = preSolution
		HideSolutionNode = FALSE
	EndGlobalSection
	GlobalSection(ExtensibilityGlobals) = postSolution
		SolutionGuid = {E9792D21-538C-4CF4-B83E-82EED9306AF0}
	EndGlobalSection
EndGlobal
