
Microsoft Visual Studio Solution File, Format Version 12.00
# Visual Studio Version 17
VisualStudioVersion = 17.8.34316.72
MinimumVisualStudioVersion = 10.0.40219.1
Project("{FAE04EC0-301F-11D3-BF4B-00C04F79EFBC}") = "Practica 1", "Practica 1\Practica 1.csproj", "{BD4FF134-F64A-44C1-8993-5D44AD968DB2}"
EndProject
Global
	GlobalSection(SolutionConfigurationPlatforms) = preSolution
		Debug|Any CPU = Debug|Any CPU
		Release|Any CPU = Release|Any CPU
	EndGlobalSection
	GlobalSection(ProjectConfigurationPlatforms) = postSolution
		{BD4FF134-F64A-44C1-8993-5D44AD968DB2}.Debug|Any CPU.ActiveCfg = Debug|Any CPU
		{BD4FF134-F64A-44C1-8993-5D44AD968DB2}.Debug|Any CPU.Build.0 = Debug|Any CPU
		{BD4FF134-F64A-44C1-8993-5D44AD968DB2}.Release|Any CPU.ActiveCfg = Release|Any CPU
		{BD4FF134-F64A-44C1-8993-5D44AD968DB2}.Release|Any CPU.Build.0 = Release|Any CPU
	EndGlobalSection
	GlobalSection(SolutionProperties) = preSolution
		HideSolutionNode = FALSE
	EndGlobalSection
	GlobalSection(ExtensibilityGlobals) = postSolution
		SolutionGuid = {90E59FA6-2702-4A34-9938-CC0CA60DD68E}
	EndGlobalSection
EndGlobal
